// !$*UTF8*$!
{
	archiveVersion = 1;
	classes = {
	};
	objectVersion = 46;
	objects = {

/* Begin PBXBuildFile section */
		9FE2B7B1D8752FC626D26522 /* Pods_MIAlertControllerDemo.framework in Frameworks */ = {isa = PBXBuildFile; fileRef = 2F396E2C7075C366F9EA48AB /* Pods_MIAlertControllerDemo.framework */; };
		ACAE3BF31D33C9260034530E /* AppDelegate.swift in Sources */ = {isa = PBXBuildFile; fileRef = ACAE3BF21D33C9260034530E /* AppDelegate.swift */; };
		ACAE3BF51D33C9260034530E /* ViewController.swift in Sources */ = {isa = PBXBuildFile; fileRef = ACAE3BF41D33C9260034530E /* ViewController.swift */; };
		ACAE3BF81D33C9260034530E /* Main.storyboard in Resources */ = {isa = PBXBuildFile; fileRef = ACAE3BF61D33C9260034530E /* Main.storyboard */; };
		ACAE3BFA1D33C9260034530E /* Assets.xcassets in Resources */ = {isa = PBXBuildFile; fileRef = ACAE3BF91D33C9260034530E /* Assets.xcassets */; };
		ACAE3BFD1D33C9260034530E /* LaunchScreen.storyboard in Resources */ = {isa = PBXBuildFile; fileRef = ACAE3BFB1D33C9260034530E /* LaunchScreen.storyboard */; };
/* End PBXBuildFile section */

/* Begin PBXFileReference section */
		2F396E2C7075C366F9EA48AB /* Pods_MIAlertControllerDemo.framework */ = {isa = PBXFileReference; explicitFileType = wrapper.framework; includeInIndex = 0; path = Pods_MIAlertControllerDemo.framework; sourceTree = BUILT_PRODUCTS_DIR; };
		ACAE3BEF1D33C9260034530E /* MIAlertControllerDemo.app */ = {isa = PBXFileReference; explicitFileType = wrapper.application; includeInIndex = 0; path = MIAlertControllerDemo.app; sourceTree = BUILT_PRODUCTS_DIR; };
		ACAE3BF21D33C9260034530E /* AppDelegate.swift */ = {isa = PBXFileReference; lastKnownFileType = sourcecode.swift; path = AppDelegate.swift; sourceTree = "<group>"; };
		ACAE3BF41D33C9260034530E /* ViewController.swift */ = {isa = PBXFileReference; lastKnownFileType = sourcecode.swift; path = ViewController.swift; sourceTree = "<group>"; };
		ACAE3BF71D33C9260034530E /* Base */ = {isa = PBXFileReference; lastKnownFileType = file.storyboard; name = Base; path = Base.lproj/Main.storyboard; sourceTree = "<group>"; };
		ACAE3BF91D33C9260034530E /* Assets.xcassets */ = {isa = PBXFileReference; lastKnownFileType = folder.assetcatalog; path = Assets.xcassets; sourceTree = "<group>"; };
		ACAE3BFC1D33C9260034530E /* Base */ = {isa = PBXFileReference; lastKnownFileType = file.storyboard; name = Base; path = Base.lproj/LaunchScreen.storyboard; sourceTree = "<group>"; };
		ACAE3BFE1D33C9260034530E /* Info.plist */ = {isa = PBXFileReference; lastKnownFileType = text.plist.xml; path = Info.plist; sourceTree = "<group>"; };
		BA437AC27BF8AF7D865E75E1 /* Pods-MIAlertControllerDemo.release.xcconfig */ = {isa = PBXFileReference; includeInIndex = 1; lastKnownFileType = text.xcconfig; name = "Pods-MIAlertControllerDemo.release.xcconfig"; path = "Pods/Target Support Files/Pods-MIAlertControllerDemo/Pods-MIAlertControllerDemo.release.xcconfig"; sourceTree = "<group>"; };
		FB0ABBD5C15273502DE58F7D /* Pods-MIAlertControllerDemo.debug.xcconfig */ = {isa = PBXFileReference; includeInIndex = 1; lastKnownFileType = text.xcconfig; name = "Pods-MIAlertControllerDemo.debug.xcconfig"; path = "Pods/Target Support Files/Pods-MIAlertControllerDemo/Pods-MIAlertControllerDemo.debug.xcconfig"; sourceTree = "<group>"; };
/* End PBXFileReference section */

/* Begin PBXFrameworksBuildPhase section */
		ACAE3BEC1D33C9260034530E /* Frameworks */ = {
			isa = PBXFrameworksBuildPhase;
			buildActionMask = 2147483647;
			files = (
				9FE2B7B1D8752FC626D26522 /* Pods_MIAlertControllerDemo.framework in Frameworks */,
			);
			runOnlyForDeploymentPostprocessing = 0;
		};
/* End PBXFrameworksBuildPhase section */

/* Begin PBXGroup section */
		87DF8E9EE613B05298440ED1 /* Frameworks */ = {
			isa = PBXGroup;
			children = (
				2F396E2C7075C366F9EA48AB /* Pods_MIAlertControllerDemo.framework */,
			);
			name = Frameworks;
			sourceTree = "<group>";
		};
		ACAE3BE61D33C9260034530E = {
			isa = PBXGroup;
			children = (
				ACAE3BF11D33C9260034530E /* MIAlertControllerDemo */,
				ACAE3BF01D33C9260034530E /* Products */,
				C71518F6450E53DFD09FBC09 /* Pods */,
				87DF8E9EE613B05298440ED1 /* Frameworks */,
			);
			sourceTree = "<group>";
		};
		ACAE3BF01D33C9260034530E /* Products */ = {
			isa = PBXGroup;
			children = (
				ACAE3BEF1D33C9260034530E /* MIAlertControllerDemo.app */,
			);
			name = Products;
			sourceTree = "<group>";
		};
		ACAE3BF11D33C9260034530E /* MIAlertControllerDemo */ = {
			isa = PBXGroup;
			children = (
				ACAE3BFE1D33C9260034530E /* Info.plist */,
				ACAE3BF21D33C9260034530E /* AppDelegate.swift */,
				ACAE3BF41D33C9260034530E /* ViewController.swift */,
				ACAE3BF91D33C9260034530E /* Assets.xcassets */,
				ACAE3BFB1D33C9260034530E /* LaunchScreen.storyboard */,
				ACAE3BF61D33C9260034530E /* Main.storyboard */,
			);
			path = MIAlertControllerDemo;
			sourceTree = "<group>";
		};
		C71518F6450E53DFD09FBC09 /* Pods */ = {
			isa = PBXGroup;
			children = (
				FB0ABBD5C15273502DE58F7D /* Pods-MIAlertControllerDemo.debug.xcconfig */,
				BA437AC27BF8AF7D865E75E1 /* Pods-MIAlertControllerDemo.release.xcconfig */,
			);
			name = Pods;
			sourceTree = "<group>";
		};
/* End PBXGroup section */

/* Begin PBXNativeTarget section */
		ACAE3BEE1D33C9260034530E /* MIAlertControllerDemo */ = {
			isa = PBXNativeTarget;
			buildConfigurationList = ACAE3C011D33C9260034530E /* Build configuration list for PBXNativeTarget "MIAlertControllerDemo" */;
			buildPhases = (
				EB265F4E7CB4CE3295D1F3D4 /* [CP] Check Pods Manifest.lock */,
				ACAE3BEB1D33C9260034530E /* Sources */,
				ACAE3BEC1D33C9260034530E /* Frameworks */,
				ACAE3BED1D33C9260034530E /* Resources */,
				C00D5FA19514E4C545E8C114 /* [CP] Embed Pods Frameworks */,
				8000C573665380B5D69B1F6B /* [CP] Copy Pods Resources */,
			);
			buildRules = (
			);
			dependencies = (
			);
			name = MIAlertControllerDemo;
			productName = MIAlertControllerDemo;
			productReference = ACAE3BEF1D33C9260034530E /* MIAlertControllerDemo.app */;
			productType = "com.apple.product-type.application";
		};
/* End PBXNativeTarget section */

/* Begin PBXProject section */
		ACAE3BE71D33C9260034530E /* Project object */ = {
			isa = PBXProject;
			attributes = {
				LastSwiftUpdateCheck = 0730;
				LastUpgradeCheck = 1020;
				ORGANIZATIONNAME = "Mario Iannotta";
				TargetAttributes = {
					ACAE3BEE1D33C9260034530E = {
						CreatedOnToolsVersion = 7.3;
						LastSwiftMigration = 0800;
					};
				};
			};
			buildConfigurationList = ACAE3BEA1D33C9260034530E /* Build configuration list for PBXProject "MIAlertControllerDemo" */;
			compatibilityVersion = "Xcode 3.2";
			developmentRegion = en;
			hasScannedForEncodings = 0;
			knownRegions = (
				en,
				Base,
			);
			mainGroup = ACAE3BE61D33C9260034530E;
			productRefGroup = ACAE3BF01D33C9260034530E /* Products */;
			projectDirPath = "";
			projectRoot = "";
			targets = (
				ACAE3BEE1D33C9260034530E /* MIAlertControllerDemo */,
			);
		};
/* End PBXProject section */

/* Begin PBXResourcesBuildPhase section */
		ACAE3BED1D33C9260034530E /* Resources */ = {
			isa = PBXResourcesBuildPhase;
			buildActionMask = 2147483647;
			files = (
				ACAE3BFD1D33C9260034530E /* LaunchScreen.storyboard in Resources */,
				ACAE3BFA1D33C9260034530E /* Assets.xcassets in Resources */,
				ACAE3BF81D33C9260034530E /* Main.storyboard in Resources */,
			);
			runOnlyForDeploymentPostprocessing = 0;
		};
/* End PBXResourcesBuildPhase section */

/* Begin PBXShellScriptBuildPhase section */
		8000C573665380B5D69B1F6B /* [CP] Copy Pods Resources */ = {
			isa = PBXShellScriptBuildPhase;
			buildActionMask = 2147483647;
			files = (
			);
			inputPaths = (
			);
			name = "[CP] Copy Pods Resources";
			outputPaths = (
			);
			runOnlyForDeploymentPostprocessing = 0;
			shellPath = /bin/sh;
			shellScript = "\"${SRCROOT}/Pods/Target Support Files/Pods-MIAlertControllerDemo/Pods-MIAlertControllerDemo-resources.sh\"\n";
			showEnvVarsInLog = 0;
		};
		C00D5FA19514E4C545E8C114 /* [CP] Embed Pods Frameworks */ = {
			isa = PBXShellScriptBuildPhase;
			buildActionMask = 2147483647;
			files = (
			);
			inputPaths = (
			);
			name = "[CP] Embed Pods Frameworks";
			outputPaths = (
			);
			runOnlyForDeploymentPostprocessing = 0;
			shellPath = /bin/sh;
			shellScript = "\"${SRCROOT}/Pods/Target Support Files/Pods-MIAlertControllerDemo/Pods-MIAlertControllerDemo-frameworks.sh\"\n";
			showEnvVarsInLog = 0;
		};
		EB265F4E7CB4CE3295D1F3D4 /* [CP] Check Pods Manifest.lock */ = {
			isa = PBXShellScriptBuildPhase;
			buildActionMask = 2147483647;
			files = (
			);
			inputPaths = (
			);
			name = "[CP] Check Pods Manifest.lock";
			outputPaths = (
			);
			runOnlyForDeploymentPostprocessing = 0;
			shellPath = /bin/sh;
			shellScript = "diff \"${PODS_ROOT}/../Podfile.lock\" \"${PODS_ROOT}/Manifest.lock\" > /dev/null\nif [ $? != 0 ] ; then\n    # print error to STDERR\n    echo \"error: The sandbox is not in sync with the Podfile.lock. Run 'pod install' or update your CocoaPods installation.\" >&2\n    exit 1\nfi\n";
			showEnvVarsInLog = 0;
		};
/* End PBXShellScriptBuildPhase section */

/* Begin PBXSourcesBuildPhase section */
		ACAE3BEB1D33C9260034530E /* Sources */ = {
			isa = PBXSourcesBuildPhase;
			buildActionMask = 2147483647;
			files = (
				ACAE3BF51D33C9260034530E /* ViewController.swift in Sources */,
				ACAE3BF31D33C9260034530E /* AppDelegate.swift in Sources */,
			);
			runOnlyForDeploymentPostprocessing = 0;
		};
/* End PBXSourcesBuildPhase section */

/* Begin PBXVariantGroup section */
		ACAE3BF61D33C9260034530E /* Main.storyboard */ = {
			isa = PBXVariantGroup;
			children = (
				ACAE3BF71D33C9260034530E /* Base */,
			);
			name = Main.storyboard;
			sourceTree = "<group>";
		};
		ACAE3BFB1D33C9260034530E /* LaunchScreen.storyboard */ = {
			isa = PBXVariantGroup;
			children = (
				ACAE3BFC1D33C9260034530E /* Base */,
			);
			name = LaunchScreen.storyboard;
			sourceTree = "<group>";
		};
/* End PBXVariantGroup section */

/* Begin XCBuildConfiguration section */
		ACAE3BFF1D33C9260034530E /* Debug */ = {
			isa = XCBuildConfiguration;
			buildSettings = {
				ALWAYS_SEARCH_USER_PATHS = NO;
				CLANG_ANALYZER_LOCALIZABILITY_NONLOCALIZED = YES;
				CLANG_ANALYZER_NONNULL = YES;
				CLANG_CXX_LANGUAGE_STANDARD = "gnu++0x";
				CLANG_CXX_LIBRARY = "libc++";
				CLANG_ENABLE_MODULES = YES;
				CLANG_ENABLE_OBJC_ARC = YES;
				CLANG_WARN_BLOCK_CAPTURE_AUTORELEASING = YES;
				CLANG_WARN_BOOL_CONVERSION = YES;
				CLANG_WARN_COMMA = YES;
				CLANG_WARN_CONSTANT_CONVERSION = YES;
				CLANG_WARN_DEPRECATED_OBJC_IMPLEMENTATIONS = YES;
				CLANG_WARN_DIRECT_OBJC_ISA_USAGE = YES_ERROR;
				CLANG_WARN_EMPTY_BODY = YES;
				CLANG_WARN_ENUM_CONVERSION = YES;
				CLANG_WARN_INFINITE_RECURSION = YES;
				CLANG_WARN_INT_CONVERSION = YES;
				CLANG_WARN_NON_LITERAL_NULL_CONVERSION = YES;
				CLANG_WARN_OBJC_IMPLICIT_RETAIN_SELF = YES;
				CLANG_WARN_OBJC_LITERAL_CONVERSION = YES;
				CLANG_WARN_OBJC_ROOT_CLASS = YES_ERROR;
				CLANG_WARN_RANGE_LOOP_ANALYSIS = YES;
				CLANG_WARN_STRICT_PROTOTYPES = YES;
				CLANG_WARN_SUSPICIOUS_MOVE = YES;
				CLANG_WARN_UNREACHABLE_CODE = YES;
				CLANG_WARN__DUPLICATE_METHOD_MATCH = YES;
				"CODE_SIGN_IDENTITY[sdk=iphoneos*]" = "iPhone Developer";
				COPY_PHASE_STRIP = NO;
				DEBUG_INFORMATION_FORMAT = dwarf;
				ENABLE_STRICT_OBJC_MSGSEND = YES;
				ENABLE_TESTABILITY = YES;
				GCC_C_LANGUAGE_STANDARD = gnu99;
				GCC_DYNAMIC_NO_PIC = NO;
				GCC_NO_COMMON_BLOCKS = YES;
				GCC_OPTIMIZATION_LEVEL = 0;
				GCC_PREPROCESSOR_DEFINITIONS = (
					"DEBUG=1",
					"$(inherited)",
				);
				GCC_WARN_64_TO_32_BIT_CONVERSION = YES;
				GCC_WARN_ABOUT_RETURN_TYPE = YES_ERROR;
				GCC_WARN_UNDECLARED_SELECTOR = YES;
				GCC_WARN_UNINITIALIZED_AUTOS = YES_AGGRESSIVE;
				GCC_WARN_UNUSED_FUNCTION = YES;
				GCC_WARN_UNUSED_VARIABLE = YES;
				IPHONEOS_DEPLOYMENT_TARGET = 9.0;
				MTL_ENABLE_DEBUG_INFO = YES;
				ONLY_ACTIVE_ARCH = YES;
				SDKROOT = iphoneos;
				SWIFT_OPTIMIZATION_LEVEL = "-Onone";
				TARGETED_DEVICE_FAMILY = "1,2";
			};
			name = Debug;
		};
		ACAE3C001D33C9260034530E /* Release */ = {
			isa = XCBuildConfiguration;
			buildSettings = {
				ALWAYS_SEARCH_USER_PATHS = NO;
				CLANG_ANALYZER_LOCALIZABILITY_NONLOCALIZED = YES;
				CLANG_ANALYZER_NONNULL = YES;
				CLANG_CXX_LANGUAGE_STANDARD = "gnu++0x";
				CLANG_CXX_LIBRARY = "libc++";
				CLANG_ENABLE_MODULES = YES;
				CLANG_ENABLE_OBJC_ARC = YES;
				CLANG_WARN_BLOCK_CAPTURE_AUTORELEASING = YES;
				CLANG_WARN_BOOL_CONVERSION = YES;
				CLANG_WARN_COMMA = YES;
				CLANG_WARN_CONSTANT_CONVERSION = YES;
				CLANG_WARN_DEPRECATED_OBJC_IMPLEMENTATIONS = YES;
				CLANG_WARN_DIRECT_OBJC_ISA_USAGE = YES_ERROR;
				CLANG_WARN_EMPTY_BODY = YES;
				CLANG_WARN_ENUM_CONVERSION = YES;
				CLANG_WARN_INFINITE_RECURSION = YES;
				CLANG_WARN_INT_CONVERSION = YES;
				CLANG_WARN_NON_LITERAL_NULL_CONVERSION = YES;
				CLANG_WARN_OBJC_IMPLICIT_RETAIN_SELF = YES;
				CLANG_WARN_OBJC_LITERAL_CONVERSION = YES;
				CLANG_WARN_OBJC_ROOT_CLASS = YES_ERROR;
				CLANG_WARN_RANGE_LOOP_ANALYSIS = YES;
				CLANG_WARN_STRICT_PROTOTYPES = YES;
				CLANG_WARN_SUSPICIOUS_MOVE = YES;
				CLANG_WARN_UNREACHABLE_CODE = YES;
				CLANG_WARN__DUPLICATE_METHOD_MATCH = YES;
				"CODE_SIGN_IDENTITY[sdk=iphoneos*]" = "iPhone Developer";
				COPY_PHASE_STRIP = NO;
				DEBUG_INFORMATION_FORMAT = "dwarf-with-dsym";
				ENABLE_NS_ASSERTIONS = NO;
				ENABLE_STRICT_OBJC_MSGSEND = YES;
				GCC_C_LANGUAGE_STANDARD = gnu99;
				GCC_NO_COMMON_BLOCKS = YES;
				GCC_WARN_64_TO_32_BIT_CONVERSION = YES;
				GCC_WARN_ABOUT_RETURN_TYPE = YES_ERROR;
				GCC_WARN_UNDECLARED_SELECTOR = YES;
				GCC_WARN_UNINITIALIZED_AUTOS = YES_AGGRESSIVE;
				GCC_WARN_UNUSED_FUNCTION = YES;
				GCC_WARN_UNUSED_VARIABLE = YES;
				IPHONEOS_DEPLOYMENT_TARGET = 9.0;
				MTL_ENABLE_DEBUG_INFO = NO;
				SDKROOT = iphoneos;
				SWIFT_OPTIMIZATION_LEVEL = "-Owholemodule";
				TARGETED_DEVICE_FAMILY = "1,2";
				VALIDATE_PRODUCT = YES;
			};
			name = Release;
		};
		ACAE3C021D33C9260034530E /* Debug */ = {
			isa = XCBuildConfiguration;
			baseConfigurationReference = FB0ABBD5C15273502DE58F7D /* Pods-MIAlertControllerDemo.debug.xcconfig */;
			buildSettings = {
				ALWAYS_EMBED_SWIFT_STANDARD_LIBRARIES = YES;
				ASSETCATALOG_COMPILER_APPICON_NAME = AppIcon;
				INFOPLIST_FILE = MIAlertControllerDemo/Info.plist;
				IPHONEOS_DEPLOYMENT_TARGET = 9.0;
				LD_RUNPATH_SEARCH_PATHS = "$(inherited) @executable_path/Frameworks";
				PRODUCT_BUNDLE_IDENTIFIER = com.marioiannotta.MIAlertControllerDemo;
				PRODUCT_NAME = "$(TARGET_NAME)";
				SWIFT_VERSION = 5.0;
			};
			name = Debug;
		};
		ACAE3C031D33C9260034530E /* Release */ = {
			isa = XCBuildConfiguration;
			baseConfigurationReference = BA437AC27BF8AF7D865E75E1 /* Pods-MIAlertControllerDemo.release.xcconfig */;
			buildSettings = {
				ALWAYS_EMBED_SWIFT_STANDARD_LIBRARIES = YES;
				ASSETCATALOG_COMPILER_APPICON_NAME = AppIcon;
				INFOPLIST_FILE = MIAlertControllerDemo/Info.plist;
				IPHONEOS_DEPLOYMENT_TARGET = 9.0;
				LD_RUNPATH_SEARCH_PATHS = "$(inherited) @executable_path/Frameworks";
				PRODUCT_BUNDLE_IDENTIFIER = com.marioiannotta.MIAlertControllerDemo;
				PRODUCT_NAME = "$(TARGET_NAME)";
				SWIFT_VERSION = 5.0;
			};
			name = Release;
		};
/* End XCBuildConfiguration section */

/* Begin XCConfigurationList section */
		ACAE3BEA1D33C9260034530E /* Build configuration list for PBXProject "MIAlertControllerDemo" */ = {
			isa = XCConfigurationList;
			buildConfigurations = (
				ACAE3BFF1D33C9260034530E /* Debug */,
				ACAE3C001D33C9260034530E /* Release */,
			);
			defaultConfigurationIsVisible = 0;
			defaultConfigurationName = Release;
		};
		ACAE3C011D33C9260034530E /* Build configuration list for PBXNativeTarget "MIAlertControllerDemo" */ = {
			isa = XCConfigurationList;
			buildConfigurations = (
				ACAE3C021D33C9260034530E /* Debug */,
				ACAE3C031D33C9260034530E /* Release */,
			);
			defaultConfigurationIsVisible = 0;
			defaultConfigurationName = Release;
		};
/* End XCConfigurationList section */
	};
	rootObject = ACAE3BE71D33C9260034530E /* Project object */;
}
